
Microsoft Visual Studio Solution File, Format Version 12.00
# Visual Studio Version 16
VisualStudioVersion = 16.0.32407.337
MinimumVisualStudioVersion = 10.0.40219.1
Project("{FAE04EC0-301F-11D3-BF4B-00C04F79EFBC}") = "C968_TylerLieu", "C968_TylerLieu\C968_TylerLieu.csproj", "{1F4A1AFB-07E9-44D7-9C36-062096654473}"
EndProject
Global
	GlobalSection(SolutionConfigurationPlatforms) = preSolution
		Debug|Any CPU = Debug|Any CPU
		Release|Any CPU = Release|Any CPU
	EndGlobalSection
	GlobalSection(ProjectConfigurationPlatforms) = postSolution
		{1F4A1AFB-07E9-44D7-9C36-062096654473}.Debug|Any CPU.ActiveCfg = Debug|Any CPU
		{1F4A1AFB-07E9-44D7-9C36-062096654473}.Debug|Any CPU.Build.0 = Debug|Any CPU
		{1F4A1AFB-07E9-44D7-9C36-062096654473}.Release|Any CPU.ActiveCfg = Release|Any CPU
		{1F4A1AFB-07E9-44D7-9C36-062096654473}.Release|Any CPU.Build.0 = Release|Any CPU
	EndGlobalSection
	GlobalSection(SolutionProperties) = preSolution
		HideSolutionNode = FALSE
	EndGlobalSection
	GlobalSection(ExtensibilityGlobals) = postSolution
		SolutionGuid = {67FB7A2C-BDE4-4883-A5AA-26BAB6FC852A}
	EndGlobalSection
EndGlobal
